
Microsoft Visual Studio Solution File, Format Version 12.00
# Visual Studio 2015
Project("{FAE04EC0-301F-11D3-BF4B-00C04F79EFBC}") = "Jungle Book.CSharp", "Jungle Book.CSharp.csproj", "{06A96639-32B7-A6ED-F5A9-44C36C586A20}"
EndProject
Global
	GlobalSection(SolutionConfigurationPlatforms) = preSolution
		Debug|Any CPU = Debug|Any CPU
		Release|Any CPU = Release|Any CPU
	EndGlobalSection
	GlobalSection(ProjectConfigurationPlatforms) = postSolution
		{06A96639-32B7-A6ED-F5A9-44C36C586A20}.Debug|Any CPU.ActiveCfg = Debug|Any CPU
		{06A96639-32B7-A6ED-F5A9-44C36C586A20}.Debug|Any CPU.Build.0 = Debug|Any CPU
		{06A96639-32B7-A6ED-F5A9-44C36C586A20}.Release|Any CPU.ActiveCfg = Release|Any CPU
		{06A96639-32B7-A6ED-F5A9-44C36C586A20}.Release|Any CPU.Build.0 = Release|Any CPU
	EndGlobalSection
	GlobalSection(SolutionProperties) = preSolution
		HideSolutionNode = FALSE
	EndGlobalSection
EndGlobal
